{
  "name": "anera-markets-examples",
  "lockfileVersion": 3,
  "requires": true,
  "packages": {
    "": {
      "name": "anera-markets-examples",
      "workspaces": [
        "typescript/shared",
        "typescript/attestations",
        "typescript/company-revenue",
        "typescript/index-families",
        "typescript/indices",
        "typescript/intelligence/model-family",
        "typescript/intelligence/models",
        "typescript/intelligence/token-factory",
        "typescript/revenue-trend",
        "typescript/tickers",
        "typescript/token-utilisation",
        "typescript/tokens-daily",
        "typescript/top-models"
      ]
    },
    "node_modules/@anera/shared-client": {
      "resolved": "typescript/shared",
      "link": true
    },
    "node_modules/anera-markets-attestations-example": {
      "resolved": "typescript/attestations",
      "link": true
    },
    "node_modules/anera-markets-company-revenue-example": {
      "resolved": "typescript/company-revenue",
      "link": true
    },
    "node_modules/anera-markets-index-families-example": {
      "resolved": "typescript/index-families",
      "link": true
    },
    "node_modules/anera-markets-indices-example": {
      "resolved": "typescript/indices",
      "link": true
    },
    "node_modules/anera-markets-model-family-example": {
      "resolved": "typescript/intelligence/model-family",
      "link": true
    },
    "node_modules/anera-markets-models-example": {
      "resolved": "typescript/intelligence/models",
      "link": true
    },
    "node_modules/anera-markets-revenue-trend-example": {
      "resolved": "typescript/revenue-trend",
      "link": true
    },
    "node_modules/anera-markets-tickers-example": {
      "resolved": "typescript/tickers",
      "link": true
    },
    "node_modules/anera-markets-token-factory-example": {
      "resolved": "typescript/intelligence/token-factory",
      "link": true
    },
    "node_modules/anera-markets-token-utilisation-example": {
      "resolved": "typescript/token-utilisation",
      "link": true
    },
    "node_modules/anera-markets-tokens-daily-example": {
      "resolved": "typescript/tokens-daily",
      "link": true
    },
    "node_modules/anera-markets-top-models-example": {
      "resolved": "typescript/top-models",
      "link": true
    },
    "typescript": {
      "dev": true,
      "optional": true,
      "peer": true
    },
    "typescript/attestations": {
      "name": "anera-markets-attestations-example",
      "dependencies": {
        "@anera/shared-client": "*"
      },
      "devDependencies": {
        "@types/node": "^22.10.0",
        "typescript": "~5.6.0"
      },
      "engines": {
        "node": ">=18"
      }
    },
    "typescript/attestations/node_modules/@types/node": {
      "version": "22.19.17",
      "dev": true,
      "license": "MIT",
      "dependencies": {
        "undici-types": "~6.21.0"
      }
    },
    "typescript/attestations/node_modules/typescript": {
      "version": "5.6.3",
      "dev": true,
      "license": "Apache-2.0",
      "bin": {
        "tsc": "bin/tsc",
        "tsserver": "bin/tsserver"
      },
      "engines": {
        "node": ">=14.17"
      }
    },
    "typescript/attestations/node_modules/undici-types": {
      "version": "6.21.0",
      "dev": true,
      "license": "MIT"
    },
    "typescript/company-revenue": {
      "name": "anera-markets-company-revenue-example",
      "dependencies": {
        "@anera/shared-client": "*"
      },
      "devDependencies": {
        "@types/node": "^22.10.0",
        "typescript": "~5.6.0"
      },
      "engines": {
        "node": ">=18"
      }
    },
    "typescript/company-revenue/node_modules/@types/node": {
      "version": "22.19.17",
      "dev": true,
      "license": "MIT",
      "dependencies": {
        "undici-types": "~6.21.0"
      }
    },
    "typescript/company-revenue/node_modules/typescript": {
      "version": "5.6.3",
      "dev": true,
      "license": "Apache-2.0",
      "bin": {
        "tsc": "bin/tsc",
        "tsserver": "bin/tsserver"
      },
      "engines": {
        "node": ">=14.17"
      }
    },
    "typescript/company-revenue/node_modules/undici-types": {
      "version": "6.21.0",
      "dev": true,
      "license": "MIT"
    },
    "typescript/index-families": {
      "name": "anera-markets-index-families-example",
      "dependencies": {
        "@anera/shared-client": "*"
      },
      "devDependencies": {
        "@types/node": "^22.10.0",
        "typescript": "~5.6.0"
      },
      "engines": {
        "node": ">=18"
      }
    },
    "typescript/index-families/node_modules/@types/node": {
      "version": "22.20.1",
      "dev": true,
      "license": "MIT",
      "dependencies": {
        "undici-types": "~6.21.0"
      }
    },
    "typescript/index-families/node_modules/typescript": {
      "version": "5.6.3",
      "dev": true,
      "license": "Apache-2.0",
      "bin": {
        "tsc": "bin/tsc",
        "tsserver": "bin/tsserver"
      },
      "engines": {
        "node": ">=14.17"
      }
    },
    "typescript/index-families/node_modules/undici-types": {
      "version": "6.21.0",
      "dev": true,
      "license": "MIT"
    },
    "typescript/indices": {
      "name": "anera-markets-indices-example",
      "dependencies": {
        "@anera/shared-client": "*"
      },
      "devDependencies": {
        "@types/node": "^22.10.0",
        "typescript": "~5.6.0"
      },
      "engines": {
        "node": ">=18"
      }
    },
    "typescript/indices/node_modules/@types/node": {
      "version": "22.20.1",
      "dev": true,
      "license": "MIT",
      "dependencies": {
        "undici-types": "~6.21.0"
      }
    },
    "typescript/indices/node_modules/typescript": {
      "version": "5.6.3",
      "dev": true,
      "license": "Apache-2.0",
      "bin": {
        "tsc": "bin/tsc",
        "tsserver": "bin/tsserver"
      },
      "engines": {
        "node": ">=14.17"
      }
    },
    "typescript/indices/node_modules/undici-types": {
      "version": "6.21.0",
      "dev": true,
      "license": "MIT"
    },
    "typescript/intelligence/model-family": {
      "name": "anera-markets-model-family-example",
      "dependencies": {
        "@anera/shared-client": "*"
      },
      "devDependencies": {
        "@types/node": "^22.10.0",
        "typescript": "~5.6.0"
      },
      "engines": {
        "node": ">=18"
      }
    },
    "typescript/intelligence/model-family/node_modules/@types/node": {
      "version": "22.20.1",
      "dev": true,
      "license": "MIT",
      "dependencies": {
        "undici-types": "~6.21.0"
      }
    },
    "typescript/intelligence/model-family/node_modules/typescript": {
      "version": "5.6.3",
      "dev": true,
      "license": "Apache-2.0",
      "bin": {
        "tsc": "bin/tsc",
        "tsserver": "bin/tsserver"
      },
      "engines": {
        "node": ">=14.17"
      }
    },
    "typescript/intelligence/model-family/node_modules/undici-types": {
      "version": "6.21.0",
      "dev": true,
      "license": "MIT"
    },
    "typescript/intelligence/models": {
      "name": "anera-markets-models-example",
      "dependencies": {
        "@anera/shared-client": "*"
      },
      "devDependencies": {
        "@types/node": "^22.10.0",
        "typescript": "~5.6.0"
      },
      "engines": {
        "node": ">=18"
      }
    },
    "typescript/intelligence/models/node_modules/@types/node": {
      "version": "22.20.1",
      "dev": true,
      "license": "MIT",
      "dependencies": {
        "undici-types": "~6.21.0"
      }
    },
    "typescript/intelligence/models/node_modules/typescript": {
      "version": "5.6.3",
      "dev": true,
      "license": "Apache-2.0",
      "bin": {
        "tsc": "bin/tsc",
        "tsserver": "bin/tsserver"
      },
      "engines": {
        "node": ">=14.17"
      }
    },
    "typescript/intelligence/models/node_modules/undici-types": {
      "version": "6.21.0",
      "dev": true,
      "license": "MIT"
    },
    "typescript/intelligence/token-factory": {
      "name": "anera-markets-token-factory-example",
      "dependencies": {
        "@anera/shared-client": "*"
      },
      "devDependencies": {
        "@types/node": "^22.10.0",
        "typescript": "~5.6.0"
      },
      "engines": {
        "node": ">=18"
      }
    },
    "typescript/intelligence/token-factory/node_modules/@types/node": {
      "version": "22.20.1",
      "dev": true,
      "license": "MIT",
      "dependencies": {
        "undici-types": "~6.21.0"
      }
    },
    "typescript/intelligence/token-factory/node_modules/typescript": {
      "version": "5.6.3",
      "dev": true,
      "license": "Apache-2.0",
      "bin": {
        "tsc": "bin/tsc",
        "tsserver": "bin/tsserver"
      },
      "engines": {
        "node": ">=14.17"
      }
    },
    "typescript/intelligence/token-factory/node_modules/undici-types": {
      "version": "6.21.0",
      "dev": true,
      "license": "MIT"
    },
    "typescript/node_modules/@types/node": {
      "version": "22.19.15",
      "dev": true,
      "license": "MIT",
      "dependencies": {
        "undici-types": "~6.21.0"
      }
    },
    "typescript/node_modules/typescript": {
      "version": "5.6.3",
      "dev": true,
      "license": "Apache-2.0",
      "bin": {
        "tsc": "bin/tsc",
        "tsserver": "bin/tsserver"
      },
      "engines": {
        "node": ">=14.17"
      }
    },
    "typescript/node_modules/undici-types": {
      "version": "6.21.0",
      "dev": true,
      "license": "MIT"
    },
    "typescript/revenue-trend": {
      "name": "anera-markets-revenue-trend-example",
      "dependencies": {
        "@anera/shared-client": "*"
      },
      "devDependencies": {
        "@types/node": "^22.10.0",
        "typescript": "~5.6.0"
      },
      "engines": {
        "node": ">=18"
      }
    },
    "typescript/revenue-trend/node_modules/@types/node": {
      "version": "22.19.17",
      "dev": true,
      "license": "MIT",
      "dependencies": {
        "undici-types": "~6.21.0"
      }
    },
    "typescript/revenue-trend/node_modules/typescript": {
      "version": "5.6.3",
      "dev": true,
      "license": "Apache-2.0",
      "bin": {
        "tsc": "bin/tsc",
        "tsserver": "bin/tsserver"
      },
      "engines": {
        "node": ">=14.17"
      }
    },
    "typescript/revenue-trend/node_modules/undici-types": {
      "version": "6.21.0",
      "dev": true,
      "license": "MIT"
    },
    "typescript/shared": {
      "name": "@anera/shared-client",
      "version": "0.0.0",
      "devDependencies": {
        "@types/node": "^22.10.0",
        "typescript": "~5.6.0"
      },
      "engines": {
        "node": ">=18"
      }
    },
    "typescript/tickers": {
      "name": "anera-markets-tickers-example",
      "dependencies": {
        "@anera/shared-client": "*"
      },
      "devDependencies": {
        "@types/node": "^22.10.0",
        "typescript": "~5.6.0"
      },
      "engines": {
        "node": ">=18"
      }
    },
    "typescript/tickers/node_modules/@types/node": {
      "version": "22.20.1",
      "dev": true,
      "license": "MIT",
      "dependencies": {
        "undici-types": "~6.21.0"
      }
    },
    "typescript/tickers/node_modules/typescript": {
      "version": "5.6.3",
      "dev": true,
      "license": "Apache-2.0",
      "bin": {
        "tsc": "bin/tsc",
        "tsserver": "bin/tsserver"
      },
      "engines": {
        "node": ">=14.17"
      }
    },
    "typescript/tickers/node_modules/undici-types": {
      "version": "6.21.0",
      "dev": true,
      "license": "MIT"
    },
    "typescript/token-utilisation": {
      "name": "anera-markets-token-utilisation-example",
      "dependencies": {
        "@anera/shared-client": "*"
      },
      "devDependencies": {
        "@types/node": "^22.10.0",
        "typescript": "~5.6.0"
      },
      "engines": {
        "node": ">=18"
      }
    },
    "typescript/token-utilisation/node_modules/@types/node": {
      "version": "22.19.17",
      "dev": true,
      "license": "MIT",
      "dependencies": {
        "undici-types": "~6.21.0"
      }
    },
    "typescript/token-utilisation/node_modules/typescript": {
      "version": "5.6.3",
      "dev": true,
      "license": "Apache-2.0",
      "bin": {
        "tsc": "bin/tsc",
        "tsserver": "bin/tsserver"
      },
      "engines": {
        "node": ">=14.17"
      }
    },
    "typescript/token-utilisation/node_modules/undici-types": {
      "version": "6.21.0",
      "dev": true,
      "license": "MIT"
    },
    "typescript/tokens-daily": {
      "name": "anera-markets-tokens-daily-example",
      "dependencies": {
        "@anera/shared-client": "*"
      },
      "devDependencies": {
        "@types/node": "^22.10.0",
        "typescript": "~5.6.0"
      },
      "engines": {
        "node": ">=18"
      }
    },
    "typescript/tokens-daily/node_modules/@types/node": {
      "version": "22.20.1",
      "dev": true,
      "license": "MIT",
      "dependencies": {
        "undici-types": "~6.21.0"
      }
    },
    "typescript/tokens-daily/node_modules/typescript": {
      "version": "5.6.3",
      "dev": true,
      "license": "Apache-2.0",
      "bin": {
        "tsc": "bin/tsc",
        "tsserver": "bin/tsserver"
      },
      "engines": {
        "node": ">=14.17"
      }
    },
    "typescript/tokens-daily/node_modules/undici-types": {
      "version": "6.21.0",
      "dev": true,
      "license": "MIT"
    },
    "typescript/top-models": {
      "name": "anera-markets-top-models-example",
      "dependencies": {
        "@anera/shared-client": "*"
      },
      "devDependencies": {
        "@types/node": "^22.10.0",
        "typescript": "~5.6.0"
      },
      "engines": {
        "node": ">=18"
      }
    },
    "typescript/top-models/node_modules/@types/node": {
      "version": "22.19.17",
      "dev": true,
      "license": "MIT",
      "dependencies": {
        "undici-types": "~6.21.0"
      }
    },
    "typescript/top-models/node_modules/typescript": {
      "version": "5.6.3",
      "dev": true,
      "license": "Apache-2.0",
      "bin": {
        "tsc": "bin/tsc",
        "tsserver": "bin/tsserver"
      },
      "engines": {
        "node": ">=14.17"
      }
    },
    "typescript/top-models/node_modules/undici-types": {
      "version": "6.21.0",
      "dev": true,
      "license": "MIT"
    }
  }
}
